
Microsoft Visual Studio Solution File, Format Version 12.00
# Visual Studio Version 17
VisualStudioVersion = 17.3.32901.215
MinimumVisualStudioVersion = 10.0.40219.1
Project("{9A19103F-16F7-4668-BE54-9A1E7A4F7556}") = "01_intro", "01_intro\01_intro.csproj", "{39019275-F990-4642-AAE4-55EA96A40DC8}"
EndProject
Project("{9A19103F-16F7-4668-BE54-9A1E7A4F7556}") = "02_controls", "02_controls\02_controls.csproj", "{B1AAB14A-1295-49AB-BB32-562534744015}"
EndProject
Project("{9A19103F-16F7-4668-BE54-9A1E7A4F7556}") = "02_dz_meals", "02_dz_meals\02_dz_meals.csproj", "{43FE7640-80DB-4736-A536-E7274CEA3CE2}"
EndProject
Project("{9A19103F-16F7-4668-BE54-9A1E7A4F7556}") = "03_list_controls", "03_list_controls\03_list_controls.csproj", "{2D45F53D-0CC0-4857-B7EF-BF3D4E19E594}"
EndProject
Project("{9A19103F-16F7-4668-BE54-9A1E7A4F7556}") = "04_range_controls", "04_range_controls\04_range_controls.csproj", "{6194DF4B-EF1B-4EE5-93F1-79C6A9C814B3}"
EndProject
Project("{9A19103F-16F7-4668-BE54-9A1E7A4F7556}") = "05_multi_forms", "05_multi_forms\05_multi_forms.csproj", "{B28DA96D-4EE8-4A82-AFFC-F4029CB29287}"
EndProject
Project("{9A19103F-16F7-4668-BE54-9A1E7A4F7556}") = "06_menu_bars_rich_text", "06_menu_bars_rich_text\06_menu_bars_rich_text.csproj", "{53E050C5-F6B1-4D73-BB1F-4C6685EA92BE}"
EndProject
Project("{FAE04EC0-301F-11D3-BF4B-00C04F79EFBC}") = "07_tree_list_view", "07_tree_list_view\07_tree_list_view.csproj", "{1CCC3A5D-33FA-4D74-B08D-464CA87F4C2F}"
EndProject
Global
	GlobalSection(SolutionConfigurationPlatforms) = preSolution
		Debug|Any CPU = Debug|Any CPU
		Release|Any CPU = Release|Any CPU
	EndGlobalSection
	GlobalSection(ProjectConfigurationPlatforms) = postSolution
		{39019275-F990-4642-AAE4-55EA96A40DC8}.Debug|Any CPU.ActiveCfg = Debug|Any CPU
		{39019275-F990-4642-AAE4-55EA96A40DC8}.Debug|Any CPU.Build.0 = Debug|Any CPU
		{39019275-F990-4642-AAE4-55EA96A40DC8}.Release|Any CPU.ActiveCfg = Release|Any CPU
		{39019275-F990-4642-AAE4-55EA96A40DC8}.Release|Any CPU.Build.0 = Release|Any CPU
		{B1AAB14A-1295-49AB-BB32-562534744015}.Debug|Any CPU.ActiveCfg = Debug|Any CPU
		{B1AAB14A-1295-49AB-BB32-562534744015}.Debug|Any CPU.Build.0 = Debug|Any CPU
		{B1AAB14A-1295-49AB-BB32-562534744015}.Release|Any CPU.ActiveCfg = Release|Any CPU
		{B1AAB14A-1295-49AB-BB32-562534744015}.Release|Any CPU.Build.0 = Release|Any CPU
		{43FE7640-80DB-4736-A536-E7274CEA3CE2}.Debug|Any CPU.ActiveCfg = Debug|Any CPU
		{43FE7640-80DB-4736-A536-E7274CEA3CE2}.Debug|Any CPU.Build.0 = Debug|Any CPU
		{43FE7640-80DB-4736-A536-E7274CEA3CE2}.Release|Any CPU.ActiveCfg = Release|Any CPU
		{43FE7640-80DB-4736-A536-E7274CEA3CE2}.Release|Any CPU.Build.0 = Release|Any CPU
		{2D45F53D-0CC0-4857-B7EF-BF3D4E19E594}.Debug|Any CPU.ActiveCfg = Debug|Any CPU
		{2D45F53D-0CC0-4857-B7EF-BF3D4E19E594}.Debug|Any CPU.Build.0 = Debug|Any CPU
		{2D45F53D-0CC0-4857-B7EF-BF3D4E19E594}.Release|Any CPU.ActiveCfg = Release|Any CPU
		{2D45F53D-0CC0-4857-B7EF-BF3D4E19E594}.Release|Any CPU.Build.0 = Release|Any CPU
		{6194DF4B-EF1B-4EE5-93F1-79C6A9C814B3}.Debug|Any CPU.ActiveCfg = Debug|Any CPU
		{6194DF4B-EF1B-4EE5-93F1-79C6A9C814B3}.Debug|Any CPU.Build.0 = Debug|Any CPU
		{6194DF4B-EF1B-4EE5-93F1-79C6A9C814B3}.Release|Any CPU.ActiveCfg = Release|Any CPU
		{6194DF4B-EF1B-4EE5-93F1-79C6A9C814B3}.Release|Any CPU.Build.0 = Release|Any CPU
		{B28DA96D-4EE8-4A82-AFFC-F4029CB29287}.Debug|Any CPU.ActiveCfg = Debug|Any CPU
		{B28DA96D-4EE8-4A82-AFFC-F4029CB29287}.Debug|Any CPU.Build.0 = Debug|Any CPU
		{B28DA96D-4EE8-4A82-AFFC-F4029CB29287}.Release|Any CPU.ActiveCfg = Release|Any CPU
		{B28DA96D-4EE8-4A82-AFFC-F4029CB29287}.Release|Any CPU.Build.0 = Release|Any CPU
		{53E050C5-F6B1-4D73-BB1F-4C6685EA92BE}.Debug|Any CPU.ActiveCfg = Debug|Any CPU
		{53E050C5-F6B1-4D73-BB1F-4C6685EA92BE}.Debug|Any CPU.Build.0 = Debug|Any CPU
		{53E050C5-F6B1-4D73-BB1F-4C6685EA92BE}.Release|Any CPU.ActiveCfg = Release|Any CPU
		{53E050C5-F6B1-4D73-BB1F-4C6685EA92BE}.Release|Any CPU.Build.0 = Release|Any CPU
		{1CCC3A5D-33FA-4D74-B08D-464CA87F4C2F}.Debug|Any CPU.ActiveCfg = Debug|Any CPU
		{1CCC3A5D-33FA-4D74-B08D-464CA87F4C2F}.Debug|Any CPU.Build.0 = Debug|Any CPU
		{1CCC3A5D-33FA-4D74-B08D-464CA87F4C2F}.Release|Any CPU.ActiveCfg = Release|Any CPU
		{1CCC3A5D-33FA-4D74-B08D-464CA87F4C2F}.Release|Any CPU.Build.0 = Release|Any CPU
	EndGlobalSection
	GlobalSection(SolutionProperties) = preSolution
		HideSolutionNode = FALSE
	EndGlobalSection
	GlobalSection(ExtensibilityGlobals) = postSolution
		SolutionGuid = {BB462245-A298-4C0D-A0DB-D1D991B291ED}
	EndGlobalSection
EndGlobal
